
Microsoft Visual Studio Solution File, Format Version 12.00
# Visual Studio Version 17
VisualStudioVersion = 17.12.35323.107
MinimumVisualStudioVersion = 10.0.40219.1
Project("{FAE04EC0-301F-11D3-BF4B-00C04F79EFBC}") = "01_MainSubjects", "01_MainSubjects\01_MainSubjects.csproj", "{9E0B4CEE-DA1C-4081-A1D0-BDC81D1AD749}"
EndProject
Project("{FAE04EC0-301F-11D3-BF4B-00C04F79EFBC}") = "02_Variables", "02_Variables\02_Variables.csproj", "{53043879-EAEC-44B9-96A2-445F01838800}"
EndProject
Project("{FAE04EC0-301F-11D3-BF4B-00C04F79EFBC}") = "03_MakingDecision", "03_MakingDecision\03_MakingDecision.csproj", "{038911B4-440F-464A-89AC-7C6DB25D5E48}"
EndProject
Project("{FAE04EC0-301F-11D3-BF4B-00C04F79EFBC}") = "04_Loops", "04_Loops\04_Loops.csproj", "{F7DCB2A2-77EC-4C4C-BE9C-25CA21ABA459}"
EndProject
Project("{FAE04EC0-301F-11D3-BF4B-00C04F79EFBC}") = "05_LoopsWithStars", "05_LoopsWithStars\05_LoopsWithStars.csproj", "{B35C733C-CB14-47E5-B193-695099ECB5FC}"
EndProject
Project("{FAE04EC0-301F-11D3-BF4B-00C04F79EFBC}") = "06_Arrays", "06_Arrays\06_Arrays.csproj", "{A8736051-FC80-45CA-A24F-5D7587F09CDF}"
EndProject
Project("{FAE04EC0-301F-11D3-BF4B-00C04F79EFBC}") = "07_ForeachLoop", "07_ForeachLoop\07_ForeachLoop.csproj", "{203527AF-B162-467F-B244-224579D70C45}"
EndProject
Project("{FAE04EC0-301F-11D3-BF4B-00C04F79EFBC}") = "08_Methods", "08_Methods\08_Methods.csproj", "{51989978-C693-4B4C-8482-2EDE11653B04}"
EndProject
Global
	GlobalSection(SolutionConfigurationPlatforms) = preSolution
		Debug|Any CPU = Debug|Any CPU
		Release|Any CPU = Release|Any CPU
	EndGlobalSection
	GlobalSection(ProjectConfigurationPlatforms) = postSolution
		{9E0B4CEE-DA1C-4081-A1D0-BDC81D1AD749}.Debug|Any CPU.ActiveCfg = Debug|Any CPU
		{9E0B4CEE-DA1C-4081-A1D0-BDC81D1AD749}.Debug|Any CPU.Build.0 = Debug|Any CPU
		{9E0B4CEE-DA1C-4081-A1D0-BDC81D1AD749}.Release|Any CPU.ActiveCfg = Release|Any CPU
		{9E0B4CEE-DA1C-4081-A1D0-BDC81D1AD749}.Release|Any CPU.Build.0 = Release|Any CPU
		{53043879-EAEC-44B9-96A2-445F01838800}.Debug|Any CPU.ActiveCfg = Debug|Any CPU
		{53043879-EAEC-44B9-96A2-445F01838800}.Debug|Any CPU.Build.0 = Debug|Any CPU
		{53043879-EAEC-44B9-96A2-445F01838800}.Release|Any CPU.ActiveCfg = Release|Any CPU
		{53043879-EAEC-44B9-96A2-445F01838800}.Release|Any CPU.Build.0 = Release|Any CPU
		{038911B4-440F-464A-89AC-7C6DB25D5E48}.Debug|Any CPU.ActiveCfg = Debug|Any CPU
		{038911B4-440F-464A-89AC-7C6DB25D5E48}.Debug|Any CPU.Build.0 = Debug|Any CPU
		{038911B4-440F-464A-89AC-7C6DB25D5E48}.Release|Any CPU.ActiveCfg = Release|Any CPU
		{038911B4-440F-464A-89AC-7C6DB25D5E48}.Release|Any CPU.Build.0 = Release|Any CPU
		{F7DCB2A2-77EC-4C4C-BE9C-25CA21ABA459}.Debug|Any CPU.ActiveCfg = Debug|Any CPU
		{F7DCB2A2-77EC-4C4C-BE9C-25CA21ABA459}.Debug|Any CPU.Build.0 = Debug|Any CPU
		{F7DCB2A2-77EC-4C4C-BE9C-25CA21ABA459}.Release|Any CPU.ActiveCfg = Release|Any CPU
		{F7DCB2A2-77EC-4C4C-BE9C-25CA21ABA459}.Release|Any CPU.Build.0 = Release|Any CPU
		{B35C733C-CB14-47E5-B193-695099ECB5FC}.Debug|Any CPU.ActiveCfg = Debug|Any CPU
		{B35C733C-CB14-47E5-B193-695099ECB5FC}.Debug|Any CPU.Build.0 = Debug|Any CPU
		{B35C733C-CB14-47E5-B193-695099ECB5FC}.Release|Any CPU.ActiveCfg = Release|Any CPU
		{B35C733C-CB14-47E5-B193-695099ECB5FC}.Release|Any CPU.Build.0 = Release|Any CPU
		{A8736051-FC80-45CA-A24F-5D7587F09CDF}.Debug|Any CPU.ActiveCfg = Debug|Any CPU
		{A8736051-FC80-45CA-A24F-5D7587F09CDF}.Debug|Any CPU.Build.0 = Debug|Any CPU
		{A8736051-FC80-45CA-A24F-5D7587F09CDF}.Release|Any CPU.ActiveCfg = Release|Any CPU
		{A8736051-FC80-45CA-A24F-5D7587F09CDF}.Release|Any CPU.Build.0 = Release|Any CPU
		{203527AF-B162-467F-B244-224579D70C45}.Debug|Any CPU.ActiveCfg = Debug|Any CPU
		{203527AF-B162-467F-B244-224579D70C45}.Debug|Any CPU.Build.0 = Debug|Any CPU
		{203527AF-B162-467F-B244-224579D70C45}.Release|Any CPU.ActiveCfg = Release|Any CPU
		{203527AF-B162-467F-B244-224579D70C45}.Release|Any CPU.Build.0 = Release|Any CPU
		{51989978-C693-4B4C-8482-2EDE11653B04}.Debug|Any CPU.ActiveCfg = Debug|Any CPU
		{51989978-C693-4B4C-8482-2EDE11653B04}.Debug|Any CPU.Build.0 = Debug|Any CPU
		{51989978-C693-4B4C-8482-2EDE11653B04}.Release|Any CPU.ActiveCfg = Release|Any CPU
		{51989978-C693-4B4C-8482-2EDE11653B04}.Release|Any CPU.Build.0 = Release|Any CPU
	EndGlobalSection
	GlobalSection(SolutionProperties) = preSolution
		HideSolutionNode = FALSE
	EndGlobalSection
	GlobalSection(ExtensibilityGlobals) = postSolution
		SolutionGuid = {9130BD42-C0E6-4238-90C4-9EBC3BDB7966}
	EndGlobalSection
EndGlobal
